
Microsoft Visual Studio Solution File, Format Version 12.00
# Visual Studio Version 17
VisualStudioVersion = 17.0.32112.339
MinimumVisualStudioVersion = 10.0.40219.1
Project("{FAE04EC0-301F-11D3-BF4B-00C04F79EFBC}") = "Lab.UWP", "Lab\Lab.UWP\Lab.UWP.csproj", "{155BD369-D804-4DC6-ACA4-BC1BEF669382}"
EndProject
Project("{FAE04EC0-301F-11D3-BF4B-00C04F79EFBC}") = "Lab.Android", "Lab\Lab.Android\Lab.Android.csproj", "{3E02D57E-CB4B-46F5-80E4-64D5476341BC}"
EndProject
Project("{FAE04EC0-301F-11D3-BF4B-00C04F79EFBC}") = "Lab.iOS", "Lab\Lab.iOS\Lab.iOS.csproj", "{B6B510AE-E4BB-4A3B-B4E6-F1F0F0D118B3}"
EndProject
Project("{FAE04EC0-301F-11D3-BF4B-00C04F79EFBC}") = "Lab", "Lab\Lab\Lab.csproj", "{4E56F7BC-B515-4113-A12A-8D0280D0929D}"
EndProject
Global
	GlobalSection(SolutionConfigurationPlatforms) = preSolution
		Debug|Any CPU = Debug|Any CPU
		Debug|ARM = Debug|ARM
		Debug|iPhone = Debug|iPhone
		Debug|iPhoneSimulator = Debug|iPhoneSimulator
		Debug|x64 = Debug|x64
		Debug|x86 = Debug|x86
		Release|Any CPU = Release|Any CPU
		Release|ARM = Release|ARM
		Release|iPhone = Release|iPhone
		Release|iPhoneSimulator = Release|iPhoneSimulator
		Release|x64 = Release|x64
		Release|x86 = Release|x86
	EndGlobalSection
	GlobalSection(ProjectConfigurationPlatforms) = postSolution
		{155BD369-D804-4DC6-ACA4-BC1BEF669382}.Debug|Any CPU.ActiveCfg = Debug|x64
		{155BD369-D804-4DC6-ACA4-BC1BEF669382}.Debug|Any CPU.Build.0 = Debug|x64
		{155BD369-D804-4DC6-ACA4-BC1BEF669382}.Debug|Any CPU.Deploy.0 = Debug|x64
		{155BD369-D804-4DC6-ACA4-BC1BEF669382}.Debug|ARM.ActiveCfg = Debug|ARM
		{155BD369-D804-4DC6-ACA4-BC1BEF669382}.Debug|ARM.Build.0 = Debug|ARM
		{155BD369-D804-4DC6-ACA4-BC1BEF669382}.Debug|ARM.Deploy.0 = Debug|ARM
		{155BD369-D804-4DC6-ACA4-BC1BEF669382}.Debug|iPhone.ActiveCfg = Debug|x64
		{155BD369-D804-4DC6-ACA4-BC1BEF669382}.Debug|iPhone.Build.0 = Debug|x64
		{155BD369-D804-4DC6-ACA4-BC1BEF669382}.Debug|iPhone.Deploy.0 = Debug|x64
		{155BD369-D804-4DC6-ACA4-BC1BEF669382}.Debug|iPhoneSimulator.ActiveCfg = Debug|x64
		{155BD369-D804-4DC6-ACA4-BC1BEF669382}.Debug|iPhoneSimulator.Build.0 = Debug|x64
		{155BD369-D804-4DC6-ACA4-BC1BEF669382}.Debug|iPhoneSimulator.Deploy.0 = Debug|x64
		{155BD369-D804-4DC6-ACA4-BC1BEF669382}.Debug|x64.ActiveCfg = Debug|x64
		{155BD369-D804-4DC6-ACA4-BC1BEF669382}.Debug|x64.Build.0 = Debug|x64
		{155BD369-D804-4DC6-ACA4-BC1BEF669382}.Debug|x64.Deploy.0 = Debug|x64
		{155BD369-D804-4DC6-ACA4-BC1BEF669382}.Debug|x86.ActiveCfg = Debug|x86
		{155BD369-D804-4DC6-ACA4-BC1BEF669382}.Debug|x86.Build.0 = Debug|x86
		{155BD369-D804-4DC6-ACA4-BC1BEF669382}.Debug|x86.Deploy.0 = Debug|x86
		{155BD369-D804-4DC6-ACA4-BC1BEF669382}.Release|Any CPU.ActiveCfg = Release|x64
		{155BD369-D804-4DC6-ACA4-BC1BEF669382}.Release|Any CPU.Build.0 = Release|x64
		{155BD369-D804-4DC6-ACA4-BC1BEF669382}.Release|Any CPU.Deploy.0 = Release|x64
		{155BD369-D804-4DC6-ACA4-BC1BEF669382}.Release|ARM.ActiveCfg = Release|ARM
		{155BD369-D804-4DC6-ACA4-BC1BEF669382}.Release|ARM.Build.0 = Release|ARM
		{155BD369-D804-4DC6-ACA4-BC1BEF669382}.Release|ARM.Deploy.0 = Release|ARM
		{155BD369-D804-4DC6-ACA4-BC1BEF669382}.Release|iPhone.ActiveCfg = Release|x64
		{155BD369-D804-4DC6-ACA4-BC1BEF669382}.Release|iPhone.Build.0 = Release|x64
		{155BD369-D804-4DC6-ACA4-BC1BEF669382}.Release|iPhone.Deploy.0 = Release|x64
		{155BD369-D804-4DC6-ACA4-BC1BEF669382}.Release|iPhoneSimulator.ActiveCfg = Release|x64
		{155BD369-D804-4DC6-ACA4-BC1BEF669382}.Release|iPhoneSimulator.Build.0 = Release|x64
		{155BD369-D804-4DC6-ACA4-BC1BEF669382}.Release|iPhoneSimulator.Deploy.0 = Release|x64
		{155BD369-D804-4DC6-ACA4-BC1BEF669382}.Release|x64.ActiveCfg = Release|x64
		{155BD369-D804-4DC6-ACA4-BC1BEF669382}.Release|x64.Build.0 = Release|x64
		{155BD369-D804-4DC6-ACA4-BC1BEF669382}.Release|x64.Deploy.0 = Release|x64
		{155BD369-D804-4DC6-ACA4-BC1BEF669382}.Release|x86.ActiveCfg = Release|x86
		{155BD369-D804-4DC6-ACA4-BC1BEF669382}.Release|x86.Build.0 = Release|x86
		{155BD369-D804-4DC6-ACA4-BC1BEF669382}.Release|x86.Deploy.0 = Release|x86
		{3E02D57E-CB4B-46F5-80E4-64D5476341BC}.Debug|Any CPU.ActiveCfg = Debug|Any CPU
		{3E02D57E-CB4B-46F5-80E4-64D5476341BC}.Debug|Any CPU.Build.0 = Debug|Any CPU
		{3E02D57E-CB4B-46F5-80E4-64D5476341BC}.Debug|Any CPU.Deploy.0 = Debug|Any CPU
		{3E02D57E-CB4B-46F5-80E4-64D5476341BC}.Debug|ARM.ActiveCfg = Debug|Any CPU
		{3E02D57E-CB4B-46F5-80E4-64D5476341BC}.Debug|ARM.Build.0 = Debug|Any CPU
		{3E02D57E-CB4B-46F5-80E4-64D5476341BC}.Debug|ARM.Deploy.0 = Debug|Any CPU
		{3E02D57E-CB4B-46F5-80E4-64D5476341BC}.Debug|iPhone.ActiveCfg = Debug|Any CPU
		{3E02D57E-CB4B-46F5-80E4-64D5476341BC}.Debug|iPhone.Build.0 = Debug|Any CPU
		{3E02D57E-CB4B-46F5-80E4-64D5476341BC}.Debug|iPhone.Deploy.0 = Debug|Any CPU
		{3E02D57E-CB4B-46F5-80E4-64D5476341BC}.Debug|iPhoneSimulator.ActiveCfg = Debug|Any CPU
		{3E02D57E-CB4B-46F5-80E4-64D5476341BC}.Debug|iPhoneSimulator.Build.0 = Debug|Any CPU
		{3E02D57E-CB4B-46F5-80E4-64D5476341BC}.Debug|iPhoneSimulator.Deploy.0 = Debug|Any CPU
		{3E02D57E-CB4B-46F5-80E4-64D5476341BC}.Debug|x64.ActiveCfg = Debug|Any CPU
		{3E02D57E-CB4B-46F5-80E4-64D5476341BC}.Debug|x64.Build.0 = Debug|Any CPU
		{3E02D57E-CB4B-46F5-80E4-64D5476341BC}.Debug|x64.Deploy.0 = Debug|Any CPU
		{3E02D57E-CB4B-46F5-80E4-64D5476341BC}.Debug|x86.ActiveCfg = Debug|Any CPU
		{3E02D57E-CB4B-46F5-80E4-64D5476341BC}.Debug|x86.Build.0 = Debug|Any CPU
		{3E02D57E-CB4B-46F5-80E4-64D5476341BC}.Debug|x86.Deploy.0 = Debug|Any CPU
		{3E02D57E-CB4B-46F5-80E4-64D5476341BC}.Release|Any CPU.ActiveCfg = Release|Any CPU
		{3E02D57E-CB4B-46F5-80E4-64D5476341BC}.Release|Any CPU.Build.0 = Release|Any CPU
		{3E02D57E-CB4B-46F5-80E4-64D5476341BC}.Release|Any CPU.Deploy.0 = Release|Any CPU
		{3E02D57E-CB4B-46F5-80E4-64D5476341BC}.Release|ARM.ActiveCfg = Release|Any CPU
		{3E02D57E-CB4B-46F5-80E4-64D5476341BC}.Release|ARM.Build.0 = Release|Any CPU
		{3E02D57E-CB4B-46F5-80E4-64D5476341BC}.Release|ARM.Deploy.0 = Release|Any CPU
		{3E02D57E-CB4B-46F5-80E4-64D5476341BC}.Release|iPhone.ActiveCfg = Release|Any CPU
		{3E02D57E-CB4B-46F5-80E4-64D5476341BC}.Release|iPhone.Build.0 = Release|Any CPU
		{3E02D57E-CB4B-46F5-80E4-64D5476341BC}.Release|iPhone.Deploy.0 = Release|Any CPU
		{3E02D57E-CB4B-46F5-80E4-64D5476341BC}.Release|iPhoneSimulator.ActiveCfg = Release|Any CPU
		{3E02D57E-CB4B-46F5-80E4-64D5476341BC}.Release|iPhoneSimulator.Build.0 = Release|Any CPU
		{3E02D57E-CB4B-46F5-80E4-64D5476341BC}.Release|iPhoneSimulator.Deploy.0 = Release|Any CPU
		{3E02D57E-CB4B-46F5-80E4-64D5476341BC}.Release|x64.ActiveCfg = Release|Any CPU
		{3E02D57E-CB4B-46F5-80E4-64D5476341BC}.Release|x64.Build.0 = Release|Any CPU
		{3E02D57E-CB4B-46F5-80E4-64D5476341BC}.Release|x64.Deploy.0 = Release|Any CPU
		{3E02D57E-CB4B-46F5-80E4-64D5476341BC}.Release|x86.ActiveCfg = Release|Any CPU
		{3E02D57E-CB4B-46F5-80E4-64D5476341BC}.Release|x86.Build.0 = Release|Any CPU
		{3E02D57E-CB4B-46F5-80E4-64D5476341BC}.Release|x86.Deploy.0 = Release|Any CPU
		{B6B510AE-E4BB-4A3B-B4E6-F1F0F0D118B3}.Debug|Any CPU.ActiveCfg = Debug|iPhoneSimulator
		{B6B510AE-E4BB-4A3B-B4E6-F1F0F0D118B3}.Debug|Any CPU.Build.0 = Debug|iPhoneSimulator
		{B6B510AE-E4BB-4A3B-B4E6-F1F0F0D118B3}.Debug|Any CPU.Deploy.0 = Debug|iPhoneSimulator
		{B6B510AE-E4BB-4A3B-B4E6-F1F0F0D118B3}.Debug|ARM.ActiveCfg = Debug|iPhoneSimulator
		{B6B510AE-E4BB-4A3B-B4E6-F1F0F0D118B3}.Debug|ARM.Build.0 = Debug|iPhoneSimulator
		{B6B510AE-E4BB-4A3B-B4E6-F1F0F0D118B3}.Debug|ARM.Deploy.0 = Debug|iPhoneSimulator
		{B6B510AE-E4BB-4A3B-B4E6-F1F0F0D118B3}.Debug|iPhone.ActiveCfg = Debug|iPhone
		{B6B510AE-E4BB-4A3B-B4E6-F1F0F0D118B3}.Debug|iPhone.Build.0 = Debug|iPhone
		{B6B510AE-E4BB-4A3B-B4E6-F1F0F0D118B3}.Debug|iPhone.Deploy.0 = Debug|iPhone
		{B6B510AE-E4BB-4A3B-B4E6-F1F0F0D118B3}.Debug|iPhoneSimulator.ActiveCfg = Debug|iPhoneSimulator
		{B6B510AE-E4BB-4A3B-B4E6-F1F0F0D118B3}.Debug|iPhoneSimulator.Build.0 = Debug|iPhoneSimulator
		{B6B510AE-E4BB-4A3B-B4E6-F1F0F0D118B3}.Debug|iPhoneSimulator.Deploy.0 = Debug|iPhoneSimulator
		{B6B510AE-E4BB-4A3B-B4E6-F1F0F0D118B3}.Debug|x64.ActiveCfg = Debug|iPhone
		{B6B510AE-E4BB-4A3B-B4E6-F1F0F0D118B3}.Debug|x64.Build.0 = Debug|iPhone
		{B6B510AE-E4BB-4A3B-B4E6-F1F0F0D118B3}.Debug|x64.Deploy.0 = Debug|iPhone
		{B6B510AE-E4BB-4A3B-B4E6-F1F0F0D118B3}.Debug|x86.ActiveCfg = Debug|iPhoneSimulator
		{B6B510AE-E4BB-4A3B-B4E6-F1F0F0D118B3}.Debug|x86.Build.0 = Debug|iPhoneSimulator
		{B6B510AE-E4BB-4A3B-B4E6-F1F0F0D118B3}.Debug|x86.Deploy.0 = Debug|iPhoneSimulator
		{B6B510AE-E4BB-4A3B-B4E6-F1F0F0D118B3}.Release|Any CPU.ActiveCfg = Release|iPhoneSimulator
		{B6B510AE-E4BB-4A3B-B4E6-F1F0F0D118B3}.Release|Any CPU.Build.0 = Release|iPhoneSimulator
		{B6B510AE-E4BB-4A3B-B4E6-F1F0F0D118B3}.Release|Any CPU.Deploy.0 = Release|iPhoneSimulator
		{B6B510AE-E4BB-4A3B-B4E6-F1F0F0D118B3}.Release|ARM.ActiveCfg = Release|iPhoneSimulator
		{B6B510AE-E4BB-4A3B-B4E6-F1F0F0D118B3}.Release|ARM.Build.0 = Release|iPhoneSimulator
		{B6B510AE-E4BB-4A3B-B4E6-F1F0F0D118B3}.Release|ARM.Deploy.0 = Release|iPhoneSimulator
		{B6B510AE-E4BB-4A3B-B4E6-F1F0F0D118B3}.Release|iPhone.ActiveCfg = Release|iPhone
		{B6B510AE-E4BB-4A3B-B4E6-F1F0F0D118B3}.Release|iPhone.Build.0 = Release|iPhone
		{B6B510AE-E4BB-4A3B-B4E6-F1F0F0D118B3}.Release|iPhone.Deploy.0 = Release|iPhone
		{B6B510AE-E4BB-4A3B-B4E6-F1F0F0D118B3}.Release|iPhoneSimulator.ActiveCfg = Release|iPhoneSimulator
		{B6B510AE-E4BB-4A3B-B4E6-F1F0F0D118B3}.Release|iPhoneSimulator.Build.0 = Release|iPhoneSimulator
		{B6B510AE-E4BB-4A3B-B4E6-F1F0F0D118B3}.Release|iPhoneSimulator.Deploy.0 = Release|iPhoneSimulator
		{B6B510AE-E4BB-4A3B-B4E6-F1F0F0D118B3}.Release|x64.ActiveCfg = Release|iPhoneSimulator
		{B6B510AE-E4BB-4A3B-B4E6-F1F0F0D118B3}.Release|x64.Build.0 = Release|iPhoneSimulator
		{B6B510AE-E4BB-4A3B-B4E6-F1F0F0D118B3}.Release|x64.Deploy.0 = Release|iPhoneSimulator
		{B6B510AE-E4BB-4A3B-B4E6-F1F0F0D118B3}.Release|x86.ActiveCfg = Release|iPhoneSimulator
		{B6B510AE-E4BB-4A3B-B4E6-F1F0F0D118B3}.Release|x86.Build.0 = Release|iPhoneSimulator
		{B6B510AE-E4BB-4A3B-B4E6-F1F0F0D118B3}.Release|x86.Deploy.0 = Release|iPhoneSimulator
		{4E56F7BC-B515-4113-A12A-8D0280D0929D}.Debug|Any CPU.ActiveCfg = Debug|Any CPU
		{4E56F7BC-B515-4113-A12A-8D0280D0929D}.Debug|Any CPU.Build.0 = Debug|Any CPU
		{4E56F7BC-B515-4113-A12A-8D0280D0929D}.Debug|Any CPU.Deploy.0 = Debug|Any CPU
		{4E56F7BC-B515-4113-A12A-8D0280D0929D}.Debug|ARM.ActiveCfg = Debug|Any CPU
		{4E56F7BC-B515-4113-A12A-8D0280D0929D}.Debug|ARM.Build.0 = Debug|Any CPU
		{4E56F7BC-B515-4113-A12A-8D0280D0929D}.Debug|ARM.Deploy.0 = Debug|Any CPU
		{4E56F7BC-B515-4113-A12A-8D0280D0929D}.Debug|iPhone.ActiveCfg = Debug|Any CPU
		{4E56F7BC-B515-4113-A12A-8D0280D0929D}.Debug|iPhone.Build.0 = Debug|Any CPU
		{4E56F7BC-B515-4113-A12A-8D0280D0929D}.Debug|iPhone.Deploy.0 = Debug|Any CPU
		{4E56F7BC-B515-4113-A12A-8D0280D0929D}.Debug|iPhoneSimulator.ActiveCfg = Debug|Any CPU
		{4E56F7BC-B515-4113-A12A-8D0280D0929D}.Debug|iPhoneSimulator.Build.0 = Debug|Any CPU
		{4E56F7BC-B515-4113-A12A-8D0280D0929D}.Debug|iPhoneSimulator.Deploy.0 = Debug|Any CPU
		{4E56F7BC-B515-4113-A12A-8D0280D0929D}.Debug|x64.ActiveCfg = Debug|Any CPU
		{4E56F7BC-B515-4113-A12A-8D0280D0929D}.Debug|x64.Build.0 = Debug|Any CPU
		{4E56F7BC-B515-4113-A12A-8D0280D0929D}.Debug|x64.Deploy.0 = Debug|Any CPU
		{4E56F7BC-B515-4113-A12A-8D0280D0929D}.Debug|x86.ActiveCfg = Debug|Any CPU
		{4E56F7BC-B515-4113-A12A-8D0280D0929D}.Debug|x86.Build.0 = Debug|Any CPU
		{4E56F7BC-B515-4113-A12A-8D0280D0929D}.Debug|x86.Deploy.0 = Debug|Any CPU
		{4E56F7BC-B515-4113-A12A-8D0280D0929D}.Release|Any CPU.ActiveCfg = Release|Any CPU
		{4E56F7BC-B515-4113-A12A-8D0280D0929D}.Release|Any CPU.Build.0 = Release|Any CPU
		{4E56F7BC-B515-4113-A12A-8D0280D0929D}.Release|Any CPU.Deploy.0 = Release|Any CPU
		{4E56F7BC-B515-4113-A12A-8D0280D0929D}.Release|ARM.ActiveCfg = Release|Any CPU
		{4E56F7BC-B515-4113-A12A-8D0280D0929D}.Release|ARM.Build.0 = Release|Any CPU
		{4E56F7BC-B515-4113-A12A-8D0280D0929D}.Release|ARM.Deploy.0 = Release|Any CPU
		{4E56F7BC-B515-4113-A12A-8D0280D0929D}.Release|iPhone.ActiveCfg = Release|Any CPU
		{4E56F7BC-B515-4113-A12A-8D0280D0929D}.Release|iPhone.Build.0 = Release|Any CPU
		{4E56F7BC-B515-4113-A12A-8D0280D0929D}.Release|iPhone.Deploy.0 = Release|Any CPU
		{4E56F7BC-B515-4113-A12A-8D0280D0929D}.Release|iPhoneSimulator.ActiveCfg = Release|Any CPU
		{4E56F7BC-B515-4113-A12A-8D0280D0929D}.Release|iPhoneSimulator.Build.0 = Release|Any CPU
		{4E56F7BC-B515-4113-A12A-8D0280D0929D}.Release|iPhoneSimulator.Deploy.0 = Release|Any CPU
		{4E56F7BC-B515-4113-A12A-8D0280D0929D}.Release|x64.ActiveCfg = Release|Any CPU
		{4E56F7BC-B515-4113-A12A-8D0280D0929D}.Release|x64.Build.0 = Release|Any CPU
		{4E56F7BC-B515-4113-A12A-8D0280D0929D}.Release|x64.Deploy.0 = Release|Any CPU
		{4E56F7BC-B515-4113-A12A-8D0280D0929D}.Release|x86.ActiveCfg = Release|Any CPU
		{4E56F7BC-B515-4113-A12A-8D0280D0929D}.Release|x86.Build.0 = Release|Any CPU
		{4E56F7BC-B515-4113-A12A-8D0280D0929D}.Release|x86.Deploy.0 = Release|Any CPU
	EndGlobalSection
	GlobalSection(SolutionProperties) = preSolution
		HideSolutionNode = FALSE
	EndGlobalSection
	GlobalSection(ExtensibilityGlobals) = postSolution
		SolutionGuid = {0ECF484E-9C08-4A98-B3D3-BA70E96385E0}
	EndGlobalSection
EndGlobal
